
Microsoft Visual Studio Solution File, Format Version 12.00
# Visual Studio Version 17
VisualStudioVersion = 17.4.33122.133
MinimumVisualStudioVersion = 10.0.40219.1
Project("{FAE04EC0-301F-11D3-BF4B-00C04F79EFBC}") = "git-simantic-release", "git-simantic-release\git-simantic-release.csproj", "{5B841CDA-CEB6-4B77-B3F2-DF833151C6EC}"
EndProject
Project("{2150E333-8FDC-42A3-9474-1A3956D46DE8}") = "Solution Items", "Solution Items", "{1A770682-3A43-4DD4-9AB1-C18B575B0352}"
	ProjectSection(SolutionItems) = preProject
		nuget.config = nuget.config
	EndProjectSection
EndProject
Global
	GlobalSection(SolutionConfigurationPlatforms) = preSolution
		Debug|Any CPU = Debug|Any CPU
		Release|Any CPU = Release|Any CPU
	EndGlobalSection
	GlobalSection(ProjectConfigurationPlatforms) = postSolution
		{5B841CDA-CEB6-4B77-B3F2-DF833151C6EC}.Debug|Any CPU.ActiveCfg = Debug|Any CPU
		{5B841CDA-CEB6-4B77-B3F2-DF833151C6EC}.Debug|Any CPU.Build.0 = Debug|Any CPU
		{5B841CDA-CEB6-4B77-B3F2-DF833151C6EC}.Release|Any CPU.ActiveCfg = Release|Any CPU
		{5B841CDA-CEB6-4B77-B3F2-DF833151C6EC}.Release|Any CPU.Build.0 = Release|Any CPU
	EndGlobalSection
	GlobalSection(SolutionProperties) = preSolution
		HideSolutionNode = FALSE
	EndGlobalSection
	GlobalSection(ExtensibilityGlobals) = postSolution
		SolutionGuid = {22F2F025-111F-4969-BF4E-4D7D6EFD0DCF}
	EndGlobalSection
EndGlobal
